// !$*UTF8*$!
{
	archiveVersion = 1;
	classes = {
	};
	objectVersion = 50;
	objects = {

/* Begin PBXBuildFile section */
		2702B19F23AC0E6B009F0A68 /* AppDelegate.swift in Sources */ = {isa = PBXBuildFile; fileRef = 2702B19E23AC0E6B009F0A68 /* AppDelegate.swift */; };
		2702B1A123AC0E6B009F0A68 /* SceneDelegate.swift in Sources */ = {isa = PBXBuildFile; fileRef = 2702B1A023AC0E6B009F0A68 /* SceneDelegate.swift */; };
		2702B1A323AC0E6B009F0A68 /* ContentView.swift in Sources */ = {isa = PBXBuildFile; fileRef = 2702B1A223AC0E6B009F0A68 /* ContentView.swift */; };
		2702B1A523AC0E6C009F0A68 /* Assets.xcassets in Resources */ = {isa = PBXBuildFile; fileRef = 2702B1A423AC0E6C009F0A68 /* Assets.xcassets */; };
		2702B1A823AC0E6C009F0A68 /* Preview Assets.xcassets in Resources */ = {isa = PBXBuildFile; fileRef = 2702B1A723AC0E6C009F0A68 /* Preview Assets.xcassets */; };
		2702B1AB23AC0E6C009F0A68 /* LaunchScreen.storyboard in Resources */ = {isa = PBXBuildFile; fileRef = 2702B1A923AC0E6C009F0A68 /* LaunchScreen.storyboard */; };
		27AA027923AD456800C97A23 /* Member.swift in Sources */ = {isa = PBXBuildFile; fileRef = 27AA027523AD456700C97A23 /* Member.swift */; };
		27AA027A23AD456800C97A23 /* DataType.swift in Sources */ = {isa = PBXBuildFile; fileRef = 27AA027623AD456800C97A23 /* DataType.swift */; };
		27AA027B23AD456800C97A23 /* Household.swift in Sources */ = {isa = PBXBuildFile; fileRef = 27AA027723AD456800C97A23 /* Household.swift */; };
		27AA027C23AD456800C97A23 /* Address.swift in Sources */ = {isa = PBXBuildFile; fileRef = 27AA027823AD456800C97A23 /* Address.swift */; };
		27AA028123AD4B9E00C97A23 /* CrudOoperation.swift in Sources */ = {isa = PBXBuildFile; fileRef = 27AA027F23AD4B9E00C97A23 /* CrudOoperation.swift */; };
		27AA028223AD4B9E00C97A23 /* CollectionName.swift in Sources */ = {isa = PBXBuildFile; fileRef = 27AA028023AD4B9E00C97A23 /* CollectionName.swift */; };
		27C40AC423B10C2400B337A7 /* MemberFetcher.swift in Sources */ = {isa = PBXBuildFile; fileRef = 27AA027D23AD47C000C97A23 /* MemberFetcher.swift */; };
		27C40AC723B10CE600B337A7 /* HouseholdFetcher.swift in Sources */ = {isa = PBXBuildFile; fileRef = 27C40AC523B10CE600B337A7 /* HouseholdFetcher.swift */; };
		27C40AC823B10CE600B337A7 /* AddressFetcher.swift in Sources */ = {isa = PBXBuildFile; fileRef = 27C40AC623B10CE600B337A7 /* AddressFetcher.swift */; };
		27C40ACA23B1628800B337A7 /* MemberView.swift in Sources */ = {isa = PBXBuildFile; fileRef = 27C40AC923B1628800B337A7 /* MemberView.swift */; };
		27C40ACC23B1631800B337A7 /* HouseholdView.swift in Sources */ = {isa = PBXBuildFile; fileRef = 27C40ACB23B1631800B337A7 /* HouseholdView.swift */; };
		27C40ACE23B1678300B337A7 /* DataFetcher.swift in Sources */ = {isa = PBXBuildFile; fileRef = 27C40ACD23B1678300B337A7 /* DataFetcher.swift */; };
/* End PBXBuildFile section */

/* Begin PBXFileReference section */
		2702B19B23AC0E6B009F0A68 /* PMClient.app */ = {isa = PBXFileReference; explicitFileType = wrapper.application; includeInIndex = 0; path = PMClient.app; sourceTree = BUILT_PRODUCTS_DIR; };
		2702B19E23AC0E6B009F0A68 /* AppDelegate.swift */ = {isa = PBXFileReference; lastKnownFileType = sourcecode.swift; path = AppDelegate.swift; sourceTree = "<group>"; };
		2702B1A023AC0E6B009F0A68 /* SceneDelegate.swift */ = {isa = PBXFileReference; lastKnownFileType = sourcecode.swift; path = SceneDelegate.swift; sourceTree = "<group>"; };
		2702B1A223AC0E6B009F0A68 /* ContentView.swift */ = {isa = PBXFileReference; lastKnownFileType = sourcecode.swift; path = ContentView.swift; sourceTree = "<group>"; };
		2702B1A423AC0E6C009F0A68 /* Assets.xcassets */ = {isa = PBXFileReference; lastKnownFileType = folder.assetcatalog; path = Assets.xcassets; sourceTree = "<group>"; };
		2702B1A723AC0E6C009F0A68 /* Preview Assets.xcassets */ = {isa = PBXFileReference; lastKnownFileType = folder.assetcatalog; path = "Preview Assets.xcassets"; sourceTree = "<group>"; };
		2702B1AA23AC0E6C009F0A68 /* Base */ = {isa = PBXFileReference; lastKnownFileType = file.storyboard; name = Base; path = Base.lproj/LaunchScreen.storyboard; sourceTree = "<group>"; };
		2702B1AC23AC0E6C009F0A68 /* Info.plist */ = {isa = PBXFileReference; lastKnownFileType = text.plist.xml; path = Info.plist; sourceTree = "<group>"; };
		2702B1B223AC0E8A009F0A68 /* PMClient.entitlements */ = {isa = PBXFileReference; lastKnownFileType = text.plist.entitlements; path = PMClient.entitlements; sourceTree = "<group>"; };
		27AA027523AD456700C97A23 /* Member.swift */ = {isa = PBXFileReference; fileEncoding = 4; lastKnownFileType = sourcecode.swift; path = Member.swift; sourceTree = "<group>"; };
		27AA027623AD456800C97A23 /* DataType.swift */ = {isa = PBXFileReference; fileEncoding = 4; lastKnownFileType = sourcecode.swift; path = DataType.swift; sourceTree = "<group>"; };
		27AA027723AD456800C97A23 /* Household.swift */ = {isa = PBXFileReference; fileEncoding = 4; lastKnownFileType = sourcecode.swift; path = Household.swift; sourceTree = "<group>"; };
		27AA027823AD456800C97A23 /* Address.swift */ = {isa = PBXFileReference; fileEncoding = 4; lastKnownFileType = sourcecode.swift; path = Address.swift; sourceTree = "<group>"; };
		27AA027D23AD47C000C97A23 /* MemberFetcher.swift */ = {isa = PBXFileReference; lastKnownFileType = sourcecode.swift; path = MemberFetcher.swift; sourceTree = "<group>"; };
		27AA027F23AD4B9E00C97A23 /* CrudOoperation.swift */ = {isa = PBXFileReference; fileEncoding = 4; lastKnownFileType = sourcecode.swift; path = CrudOoperation.swift; sourceTree = "<group>"; };
		27AA028023AD4B9E00C97A23 /* CollectionName.swift */ = {isa = PBXFileReference; fileEncoding = 4; lastKnownFileType = sourcecode.swift; path = CollectionName.swift; sourceTree = "<group>"; };
		27C40AC523B10CE600B337A7 /* HouseholdFetcher.swift */ = {isa = PBXFileReference; fileEncoding = 4; lastKnownFileType = sourcecode.swift; path = HouseholdFetcher.swift; sourceTree = "<group>"; };
		27C40AC623B10CE600B337A7 /* AddressFetcher.swift */ = {isa = PBXFileReference; fileEncoding = 4; lastKnownFileType = sourcecode.swift; path = AddressFetcher.swift; sourceTree = "<group>"; };
		27C40AC923B1628800B337A7 /* MemberView.swift */ = {isa = PBXFileReference; lastKnownFileType = sourcecode.swift; path = MemberView.swift; sourceTree = "<group>"; };
		27C40ACB23B1631800B337A7 /* HouseholdView.swift */ = {isa = PBXFileReference; lastKnownFileType = sourcecode.swift; path = HouseholdView.swift; sourceTree = "<group>"; };
		27C40ACD23B1678300B337A7 /* DataFetcher.swift */ = {isa = PBXFileReference; lastKnownFileType = sourcecode.swift; path = DataFetcher.swift; sourceTree = "<group>"; };
/* End PBXFileReference section */

/* Begin PBXFrameworksBuildPhase section */
		2702B19823AC0E6B009F0A68 /* Frameworks */ = {
			isa = PBXFrameworksBuildPhase;
			buildActionMask = 2147483647;
			files = (
			);
			runOnlyForDeploymentPostprocessing = 0;
		};
/* End PBXFrameworksBuildPhase section */

/* Begin PBXGroup section */
		2702B19223AC0E6B009F0A68 = {
			isa = PBXGroup;
			children = (
				2702B19D23AC0E6B009F0A68 /* PMClient */,
				2702B19C23AC0E6B009F0A68 /* Products */,
			);
			sourceTree = "<group>";
		};
		2702B19C23AC0E6B009F0A68 /* Products */ = {
			isa = PBXGroup;
			children = (
				2702B19B23AC0E6B009F0A68 /* PMClient.app */,
			);
			name = Products;
			sourceTree = "<group>";
		};
		2702B19D23AC0E6B009F0A68 /* PMClient */ = {
			isa = PBXGroup;
			children = (
				27AA027823AD456800C97A23 /* Address.swift */,
				27C40AC623B10CE600B337A7 /* AddressFetcher.swift */,
				2702B19E23AC0E6B009F0A68 /* AppDelegate.swift */,
				2702B1A423AC0E6C009F0A68 /* Assets.xcassets */,
				27AA028023AD4B9E00C97A23 /* CollectionName.swift */,
				2702B1A223AC0E6B009F0A68 /* ContentView.swift */,
				27AA027F23AD4B9E00C97A23 /* CrudOoperation.swift */,
				27C40ACD23B1678300B337A7 /* DataFetcher.swift */,
				27AA027623AD456800C97A23 /* DataType.swift */,
				27AA027723AD456800C97A23 /* Household.swift */,
				27C40AC523B10CE600B337A7 /* HouseholdFetcher.swift */,
				27C40ACB23B1631800B337A7 /* HouseholdView.swift */,
				2702B1AC23AC0E6C009F0A68 /* Info.plist */,
				2702B1A923AC0E6C009F0A68 /* LaunchScreen.storyboard */,
				27AA027523AD456700C97A23 /* Member.swift */,
				27AA027D23AD47C000C97A23 /* MemberFetcher.swift */,
				27C40AC923B1628800B337A7 /* MemberView.swift */,
				2702B1B223AC0E8A009F0A68 /* PMClient.entitlements */,
				2702B1A623AC0E6C009F0A68 /* Preview Content */,
				2702B1A023AC0E6B009F0A68 /* SceneDelegate.swift */,
			);
			path = PMClient;
			sourceTree = "<group>";
		};
		2702B1A623AC0E6C009F0A68 /* Preview Content */ = {
			isa = PBXGroup;
			children = (
				2702B1A723AC0E6C009F0A68 /* Preview Assets.xcassets */,
			);
			path = "Preview Content";
			sourceTree = "<group>";
		};
/* End PBXGroup section */

/* Begin PBXNativeTarget section */
		2702B19A23AC0E6B009F0A68 /* PMClient */ = {
			isa = PBXNativeTarget;
			buildConfigurationList = 2702B1AF23AC0E6C009F0A68 /* Build configuration list for PBXNativeTarget "PMClient" */;
			buildPhases = (
				2702B19723AC0E6B009F0A68 /* Sources */,
				2702B19823AC0E6B009F0A68 /* Frameworks */,
				2702B19923AC0E6B009F0A68 /* Resources */,
			);
			buildRules = (
			);
			dependencies = (
			);
			name = PMClient;
			packageProductDependencies = (
			);
			productName = PMClient;
			productReference = 2702B19B23AC0E6B009F0A68 /* PMClient.app */;
			productType = "com.apple.product-type.application";
		};
/* End PBXNativeTarget section */

/* Begin PBXProject section */
		2702B19323AC0E6B009F0A68 /* Project object */ = {
			isa = PBXProject;
			attributes = {
				LastSwiftUpdateCheck = 1130;
				LastUpgradeCheck = 1130;
				ORGANIZATIONNAME = "TyndaleSoft LLC";
				TargetAttributes = {
					2702B19A23AC0E6B009F0A68 = {
						CreatedOnToolsVersion = 11.3;
					};
				};
			};
			buildConfigurationList = 2702B19623AC0E6B009F0A68 /* Build configuration list for PBXProject "PMClient" */;
			compatibilityVersion = "Xcode 9.3";
			developmentRegion = en;
			hasScannedForEncodings = 0;
			knownRegions = (
				en,
				Base,
			);
			mainGroup = 2702B19223AC0E6B009F0A68;
			packageReferences = (
			);
			productRefGroup = 2702B19C23AC0E6B009F0A68 /* Products */;
			projectDirPath = "";
			projectRoot = "";
			targets = (
				2702B19A23AC0E6B009F0A68 /* PMClient */,
			);
		};
/* End PBXProject section */

/* Begin PBXResourcesBuildPhase section */
		2702B19923AC0E6B009F0A68 /* Resources */ = {
			isa = PBXResourcesBuildPhase;
			buildActionMask = 2147483647;
			files = (
				2702B1AB23AC0E6C009F0A68 /* LaunchScreen.storyboard in Resources */,
				2702B1A823AC0E6C009F0A68 /* Preview Assets.xcassets in Resources */,
				2702B1A523AC0E6C009F0A68 /* Assets.xcassets in Resources */,
			);
			runOnlyForDeploymentPostprocessing = 0;
		};
/* End PBXResourcesBuildPhase section */

/* Begin PBXSourcesBuildPhase section */
		2702B19723AC0E6B009F0A68 /* Sources */ = {
			isa = PBXSourcesBuildPhase;
			buildActionMask = 2147483647;
			files = (
				27C40ACE23B1678300B337A7 /* DataFetcher.swift in Sources */,
				27C40ACA23B1628800B337A7 /* MemberView.swift in Sources */,
				27C40AC423B10C2400B337A7 /* MemberFetcher.swift in Sources */,
				2702B19F23AC0E6B009F0A68 /* AppDelegate.swift in Sources */,
				27AA027A23AD456800C97A23 /* DataType.swift in Sources */,
				27C40ACC23B1631800B337A7 /* HouseholdView.swift in Sources */,
				27C40AC723B10CE600B337A7 /* HouseholdFetcher.swift in Sources */,
				2702B1A123AC0E6B009F0A68 /* SceneDelegate.swift in Sources */,
				27AA027B23AD456800C97A23 /* Household.swift in Sources */,
				27C40AC823B10CE600B337A7 /* AddressFetcher.swift in Sources */,
				2702B1A323AC0E6B009F0A68 /* ContentView.swift in Sources */,
				27AA028123AD4B9E00C97A23 /* CrudOoperation.swift in Sources */,
				27AA028223AD4B9E00C97A23 /* CollectionName.swift in Sources */,
				27AA027923AD456800C97A23 /* Member.swift in Sources */,
				27AA027C23AD456800C97A23 /* Address.swift in Sources */,
			);
			runOnlyForDeploymentPostprocessing = 0;
		};
/* End PBXSourcesBuildPhase section */

/* Begin PBXVariantGroup section */
		2702B1A923AC0E6C009F0A68 /* LaunchScreen.storyboard */ = {
			isa = PBXVariantGroup;
			children = (
				2702B1AA23AC0E6C009F0A68 /* Base */,
			);
			name = LaunchScreen.storyboard;
			sourceTree = "<group>";
		};
/* End PBXVariantGroup section */

/* Begin XCBuildConfiguration section */
		2702B1AD23AC0E6C009F0A68 /* Debug */ = {
			isa = XCBuildConfiguration;
			buildSettings = {
				ALWAYS_SEARCH_USER_PATHS = NO;
				CLANG_ANALYZER_NONNULL = YES;
				CLANG_ANALYZER_NUMBER_OBJECT_CONVERSION = YES_AGGRESSIVE;
				CLANG_CXX_LANGUAGE_STANDARD = "gnu++14";
				CLANG_CXX_LIBRARY = "libc++";
				CLANG_ENABLE_MODULES = YES;
				CLANG_ENABLE_OBJC_ARC = YES;
				CLANG_ENABLE_OBJC_WEAK = YES;
				CLANG_WARN_BLOCK_CAPTURE_AUTORELEASING = YES;
				CLANG_WARN_BOOL_CONVERSION = YES;
				CLANG_WARN_COMMA = YES;
				CLANG_WARN_CONSTANT_CONVERSION = YES;
				CLANG_WARN_DEPRECATED_OBJC_IMPLEMENTATIONS = YES;
				CLANG_WARN_DIRECT_OBJC_ISA_USAGE = YES_ERROR;
				CLANG_WARN_DOCUMENTATION_COMMENTS = YES;
				CLANG_WARN_EMPTY_BODY = YES;
				CLANG_WARN_ENUM_CONVERSION = YES;
				CLANG_WARN_INFINITE_RECURSION = YES;
				CLANG_WARN_INT_CONVERSION = YES;
				CLANG_WARN_NON_LITERAL_NULL_CONVERSION = YES;
				CLANG_WARN_OBJC_IMPLICIT_RETAIN_SELF = YES;
				CLANG_WARN_OBJC_LITERAL_CONVERSION = YES;
				CLANG_WARN_OBJC_ROOT_CLASS = YES_ERROR;
				CLANG_WARN_RANGE_LOOP_ANALYSIS = YES;
				CLANG_WARN_STRICT_PROTOTYPES = YES;
				CLANG_WARN_SUSPICIOUS_MOVE = YES;
				CLANG_WARN_UNGUARDED_AVAILABILITY = YES_AGGRESSIVE;
				CLANG_WARN_UNREACHABLE_CODE = YES;
				CLANG_WARN__DUPLICATE_METHOD_MATCH = YES;
				COPY_PHASE_STRIP = NO;
				DEBUG_INFORMATION_FORMAT = dwarf;
				ENABLE_STRICT_OBJC_MSGSEND = YES;
				ENABLE_TESTABILITY = YES;
				GCC_C_LANGUAGE_STANDARD = gnu11;
				GCC_DYNAMIC_NO_PIC = NO;
				GCC_NO_COMMON_BLOCKS = YES;
				GCC_OPTIMIZATION_LEVEL = 0;
				GCC_PREPROCESSOR_DEFINITIONS = (
					"DEBUG=1",
					"$(inherited)",
				);
				GCC_WARN_64_TO_32_BIT_CONVERSION = YES;
				GCC_WARN_ABOUT_RETURN_TYPE = YES_ERROR;
				GCC_WARN_UNDECLARED_SELECTOR = YES;
				GCC_WARN_UNINITIALIZED_AUTOS = YES_AGGRESSIVE;
				GCC_WARN_UNUSED_FUNCTION = YES;
				GCC_WARN_UNUSED_VARIABLE = YES;
				IPHONEOS_DEPLOYMENT_TARGET = 13.2;
				MTL_ENABLE_DEBUG_INFO = INCLUDE_SOURCE;
				MTL_FAST_MATH = YES;
				ONLY_ACTIVE_ARCH = YES;
				SDKROOT = iphoneos;
				SWIFT_ACTIVE_COMPILATION_CONDITIONS = DEBUG;
				SWIFT_OPTIMIZATION_LEVEL = "-Onone";
			};
			name = Debug;
		};
		2702B1AE23AC0E6C009F0A68 /* Release */ = {
			isa = XCBuildConfiguration;
			buildSettings = {
				ALWAYS_SEARCH_USER_PATHS = NO;
				CLANG_ANALYZER_NONNULL = YES;
				CLANG_ANALYZER_NUMBER_OBJECT_CONVERSION = YES_AGGRESSIVE;
				CLANG_CXX_LANGUAGE_STANDARD = "gnu++14";
				CLANG_CXX_LIBRARY = "libc++";
				CLANG_ENABLE_MODULES = YES;
				CLANG_ENABLE_OBJC_ARC = YES;
				CLANG_ENABLE_OBJC_WEAK = YES;
				CLANG_WARN_BLOCK_CAPTURE_AUTORELEASING = YES;
				CLANG_WARN_BOOL_CONVERSION = YES;
				CLANG_WARN_COMMA = YES;
				CLANG_WARN_CONSTANT_CONVERSION = YES;
				CLANG_WARN_DEPRECATED_OBJC_IMPLEMENTATIONS = YES;
				CLANG_WARN_DIRECT_OBJC_ISA_USAGE = YES_ERROR;
				CLANG_WARN_DOCUMENTATION_COMMENTS = YES;
				CLANG_WARN_EMPTY_BODY = YES;
				CLANG_WARN_ENUM_CONVERSION = YES;
				CLANG_WARN_INFINITE_RECURSION = YES;
				CLANG_WARN_INT_CONVERSION = YES;
				CLANG_WARN_NON_LITERAL_NULL_CONVERSION = YES;
				CLANG_WARN_OBJC_IMPLICIT_RETAIN_SELF = YES;
				CLANG_WARN_OBJC_LITERAL_CONVERSION = YES;
				CLANG_WARN_OBJC_ROOT_CLASS = YES_ERROR;
				CLANG_WARN_RANGE_LOOP_ANALYSIS = YES;
				CLANG_WARN_STRICT_PROTOTYPES = YES;
				CLANG_WARN_SUSPICIOUS_MOVE = YES;
				CLANG_WARN_UNGUARDED_AVAILABILITY = YES_AGGRESSIVE;
				CLANG_WARN_UNREACHABLE_CODE = YES;
				CLANG_WARN__DUPLICATE_METHOD_MATCH = YES;
				COPY_PHASE_STRIP = NO;
				DEBUG_INFORMATION_FORMAT = "dwarf-with-dsym";
				ENABLE_NS_ASSERTIONS = NO;
				ENABLE_STRICT_OBJC_MSGSEND = YES;
				GCC_C_LANGUAGE_STANDARD = gnu11;
				GCC_NO_COMMON_BLOCKS = YES;
				GCC_WARN_64_TO_32_BIT_CONVERSION = YES;
				GCC_WARN_ABOUT_RETURN_TYPE = YES_ERROR;
				GCC_WARN_UNDECLARED_SELECTOR = YES;
				GCC_WARN_UNINITIALIZED_AUTOS = YES_AGGRESSIVE;
				GCC_WARN_UNUSED_FUNCTION = YES;
				GCC_WARN_UNUSED_VARIABLE = YES;
				IPHONEOS_DEPLOYMENT_TARGET = 13.2;
				MTL_ENABLE_DEBUG_INFO = NO;
				MTL_FAST_MATH = YES;
				SDKROOT = iphoneos;
				SWIFT_COMPILATION_MODE = wholemodule;
				SWIFT_OPTIMIZATION_LEVEL = "-O";
				VALIDATE_PRODUCT = YES;
			};
			name = Release;
		};
		2702B1B023AC0E6C009F0A68 /* Debug */ = {
			isa = XCBuildConfiguration;
			buildSettings = {
				ASSETCATALOG_COMPILER_APPICON_NAME = AppIcon;
				CODE_SIGN_ENTITLEMENTS = PMClient/PMClient.entitlements;
				CODE_SIGN_STYLE = Automatic;
				DERIVE_MACCATALYST_PRODUCT_BUNDLE_IDENTIFIER = YES;
				DEVELOPMENT_ASSET_PATHS = "\"PMClient/Preview Content\"";
				DEVELOPMENT_TEAM = KRGB7TX9DU;
				ENABLE_PREVIEWS = YES;
				INFOPLIST_FILE = PMClient/Info.plist;
				LD_RUNPATH_SEARCH_PATHS = (
					"$(inherited)",
					"@executable_path/Frameworks",
				);
				PRODUCT_BUNDLE_IDENTIFIER = com.tyndalesoft.PMClient;
				PRODUCT_NAME = "$(TARGET_NAME)";
				SUPPORTS_MACCATALYST = YES;
				SWIFT_VERSION = 5.0;
				TARGETED_DEVICE_FAMILY = 2;
			};
			name = Debug;
		};
		2702B1B123AC0E6C009F0A68 /* Release */ = {
			isa = XCBuildConfiguration;
			buildSettings = {
				ASSETCATALOG_COMPILER_APPICON_NAME = AppIcon;
				CODE_SIGN_ENTITLEMENTS = PMClient/PMClient.entitlements;
				CODE_SIGN_STYLE = Automatic;
				DERIVE_MACCATALYST_PRODUCT_BUNDLE_IDENTIFIER = YES;
				DEVELOPMENT_ASSET_PATHS = "\"PMClient/Preview Content\"";
				DEVELOPMENT_TEAM = KRGB7TX9DU;
				ENABLE_PREVIEWS = YES;
				INFOPLIST_FILE = PMClient/Info.plist;
				LD_RUNPATH_SEARCH_PATHS = (
					"$(inherited)",
					"@executable_path/Frameworks",
				);
				PRODUCT_BUNDLE_IDENTIFIER = com.tyndalesoft.PMClient;
				PRODUCT_NAME = "$(TARGET_NAME)";
				SUPPORTS_MACCATALYST = YES;
				SWIFT_VERSION = 5.0;
				TARGETED_DEVICE_FAMILY = 2;
			};
			name = Release;
		};
/* End XCBuildConfiguration section */

/* Begin XCConfigurationList section */
		2702B19623AC0E6B009F0A68 /* Build configuration list for PBXProject "PMClient" */ = {
			isa = XCConfigurationList;
			buildConfigurations = (
				2702B1AD23AC0E6C009F0A68 /* Debug */,
				2702B1AE23AC0E6C009F0A68 /* Release */,
			);
			defaultConfigurationIsVisible = 0;
			defaultConfigurationName = Release;
		};
		2702B1AF23AC0E6C009F0A68 /* Build configuration list for PBXNativeTarget "PMClient" */ = {
			isa = XCConfigurationList;
			buildConfigurations = (
				2702B1B023AC0E6C009F0A68 /* Debug */,
				2702B1B123AC0E6C009F0A68 /* Release */,
			);
			defaultConfigurationIsVisible = 0;
			defaultConfigurationName = Release;
		};
/* End XCConfigurationList section */
	};
	rootObject = 2702B19323AC0E6B009F0A68 /* Project object */;
}
